
Microsoft Visual Studio Solution File, Format Version 12.00
# Visual Studio Version 17
VisualStudioVersion = 17.14.36408.4 d17.14
MinimumVisualStudioVersion = 10.0.40219.1
Project("{FAE04EC0-301F-11D3-BF4B-00C04F79EFBC}") = "LigaLibre.API", "LigaLibre\LigaLibre.API.csproj", "{05FF779D-2F05-4FE1-8B1A-819115B8E851}"
EndProject
Project("{FAE04EC0-301F-11D3-BF4B-00C04F79EFBC}") = "LigaLibre.Domain", "LigaLibre.Domain\LigaLibre.Domain.csproj", "{63FDF472-1C21-4B57-B5D1-C8AC3F7284AD}"
EndProject
Project("{FAE04EC0-301F-11D3-BF4B-00C04F79EFBC}") = "LigaLibre.Infrastructure", "LigaLibre.Infrastructure\LigaLibre.Infrastructure.csproj", "{0418628B-F60E-49EB-86E4-97963C720FCF}"
EndProject
Project("{FAE04EC0-301F-11D3-BF4B-00C04F79EFBC}") = "LigaLibre.Application", "LigaLibre.Application\LigaLibre.Application.csproj", "{8E03B271-2F50-4615-9C17-6413592BBEC1}"
EndProject
Global
	GlobalSection(SolutionConfigurationPlatforms) = preSolution
		Debug|Any CPU = Debug|Any CPU
		Release|Any CPU = Release|Any CPU
	EndGlobalSection
	GlobalSection(ProjectConfigurationPlatforms) = postSolution
		{05FF779D-2F05-4FE1-8B1A-819115B8E851}.Debug|Any CPU.ActiveCfg = Debug|Any CPU
		{05FF779D-2F05-4FE1-8B1A-819115B8E851}.Debug|Any CPU.Build.0 = Debug|Any CPU
		{05FF779D-2F05-4FE1-8B1A-819115B8E851}.Release|Any CPU.ActiveCfg = Release|Any CPU
		{05FF779D-2F05-4FE1-8B1A-819115B8E851}.Release|Any CPU.Build.0 = Release|Any CPU
		{63FDF472-1C21-4B57-B5D1-C8AC3F7284AD}.Debug|Any CPU.ActiveCfg = Debug|Any CPU
		{63FDF472-1C21-4B57-B5D1-C8AC3F7284AD}.Debug|Any CPU.Build.0 = Debug|Any CPU
		{63FDF472-1C21-4B57-B5D1-C8AC3F7284AD}.Release|Any CPU.ActiveCfg = Release|Any CPU
		{63FDF472-1C21-4B57-B5D1-C8AC3F7284AD}.Release|Any CPU.Build.0 = Release|Any CPU
		{0418628B-F60E-49EB-86E4-97963C720FCF}.Debug|Any CPU.ActiveCfg = Debug|Any CPU
		{0418628B-F60E-49EB-86E4-97963C720FCF}.Debug|Any CPU.Build.0 = Debug|Any CPU
		{0418628B-F60E-49EB-86E4-97963C720FCF}.Release|Any CPU.ActiveCfg = Release|Any CPU
		{0418628B-F60E-49EB-86E4-97963C720FCF}.Release|Any CPU.Build.0 = Release|Any CPU
		{8E03B271-2F50-4615-9C17-6413592BBEC1}.Debug|Any CPU.ActiveCfg = Debug|Any CPU
		{8E03B271-2F50-4615-9C17-6413592BBEC1}.Debug|Any CPU.Build.0 = Debug|Any CPU
		{8E03B271-2F50-4615-9C17-6413592BBEC1}.Release|Any CPU.ActiveCfg = Release|Any CPU
		{8E03B271-2F50-4615-9C17-6413592BBEC1}.Release|Any CPU.Build.0 = Release|Any CPU
	EndGlobalSection
	GlobalSection(SolutionProperties) = preSolution
		HideSolutionNode = FALSE
	EndGlobalSection
	GlobalSection(ExtensibilityGlobals) = postSolution
		SolutionGuid = {FC2D69A0-763F-46DF-B203-68AD79082539}
	EndGlobalSection
EndGlobal
